{
  "version": 4,
  "terraform_version": "1.15.5",
  "serial": 77,
  "lineage": "ee26f475-f54b-3f45-acf6-13d48f158616",
  "outputs": {
    "fid": {
      "value": "29a7e79c3c7586acb923782ae54848d93d952f10",
      "type": "string"
    },
    "file_name": {
      "value": "qa.txt",
      "type": "string"
    },
    "generated_string": {
      "value": "9c5clocfOB",
      "type": "string"
    }
  },
  "resources": [
    {
      "mode": "managed",
      "type": "local_file",
      "name": "testfile",
      "provider": "provider[\"registry.terraform.io/hashicorp/local\"]",
      "instances": [
        {
          "schema_version": 0,
          "attributes": {
            "content": "this for QA",
            "content_base64": null,
            "content_base64sha256": "6GT6z9lFRIUY7oE7BMlunKNE7d+zEvqgolzPTKZUIz4=",
            "content_base64sha512": "t8sm+BeLfqviiQAWmsRt2SKwJSYY07xUG5+FKEbm+yFGDF/5MA7Ra2hcwttSGRQpDrsQQzCJN4O9Iie05JbRkg==",
            "content_md5": "09309366e404de03da873448f186cfa8",
            "content_sha1": "7e518d8058360de1a5da4078557798ea780f38c4",
            "content_sha256": "e864facfd945448518ee813b04c96e9ca344eddfb312faa0a25ccf4ca654233e",
            "content_sha512": "b7cb26f8178b7eabe28900169ac46dd922b0252618d3bc541b9f852846e6fb21460c5ff9300ed16b685cc2db521914290ebb104330893783bd2227b4e496d192",
            "directory_permission": "0777",
            "file_permission": "0777",
            "filename": "qa.txt",
            "id": "7e518d8058360de1a5da4078557798ea780f38c4",
            "sensitive_content": null,
            "source": null
          },
          "sensitive_attributes": [
            [
              {
                "type": "get_attr",
                "value": "sensitive_content"
              }
            ]
          ],
          "identity_schema_version": 0
        }
      ]
    },
    {
      "mode": "managed",
      "type": "local_file",
      "name": "testfile1",
      "provider": "provider[\"registry.terraform.io/hashicorp/local\"]",
      "instances": [
        {
          "schema_version": 0,
          "attributes": {
            "content": "inside locals",
            "content_base64": null,
            "content_base64sha256": "HjpM6A7cYJj1gXCeBk/2IMXVrX9MQ7CBqJ8pSoI/fug=",
            "content_base64sha512": "BVV2teqZViRpHn/wgNyYh+BLUiBFo2JRVr8HfUfW19IR5RiCKBgi3MjOF5Ty46I+NWicabXu9o2C5zloPdkd+Q==",
            "content_md5": "fc9153336ba85d63829b6c609976fbd3",
            "content_sha1": "29a7e79c3c7586acb923782ae54848d93d952f10",
            "content_sha256": "1e3a4ce80edc6098f581709e064ff620c5d5ad7f4c43b081a89f294a823f7ee8",
            "content_sha512": "055576b5ea995624691e7ff080dc9887e04b522045a3625156bf077d47d6d7d211e51882281822dcc8ce1794f2e3a23e35689c69b5eef68d82e739683dd91df9",
            "directory_permission": "0777",
            "file_permission": "0777",
            "filename": "test1234.txt",
            "id": "29a7e79c3c7586acb923782ae54848d93d952f10",
            "sensitive_content": null,
            "source": null
          },
          "sensitive_attributes": [
            [
              {
                "type": "get_attr",
                "value": "sensitive_content"
              }
            ]
          ],
          "identity_schema_version": 0
        }
      ]
    },
    {
      "mode": "managed",
      "type": "local_file",
      "name": "testfile123",
      "provider": "provider[\"registry.terraform.io/hashicorp/local\"]",
      "instances": [
        {
          "schema_version": 0,
          "attributes": {
            "content": "this is my next content",
            "content_base64": null,
            "content_base64sha256": "GQ0JFoEsdTXRfbUQrgiAVW6BsO2EQVTdT1LJT3Ic8oo=",
            "content_base64sha512": "qUPxXeAzB+M3+t3FUWBuujPNVcqK9KtXETAYVxZG+8gf+qCob5er+NyVzmqzaOsk27WNWOjx8MxyQrqvNE1Oxg==",
            "content_md5": "f709b335d09ea80c694e86a43f87b9bc",
            "content_sha1": "cb9ae80263161d5e8994b91207ad1bc373ed47a8",
            "content_sha256": "190d0916812c7535d17db510ae0880556e81b0ed844154dd4f52c94f721cf28a",
            "content_sha512": "a943f15de03307e337faddc551606eba33cd55ca8af4ab57113018571646fbc81ffaa0a86f97abf8dc95ce6ab368eb24dbb58d58e8f1f0cc7242baaf344d4ec6",
            "directory_permission": "0777",
            "file_permission": "0777",
            "filename": "ab123.txt",
            "id": "cb9ae80263161d5e8994b91207ad1bc373ed47a8",
            "sensitive_content": null,
            "source": null
          },
          "sensitive_attributes": [
            [
              {
                "type": "get_attr",
                "value": "sensitive_content"
              }
            ]
          ],
          "identity_schema_version": 0
        }
      ]
    },
    {
      "mode": "managed",
      "type": "local_file",
      "name": "testfile999",
      "provider": "provider[\"registry.terraform.io/hashicorp/local\"]",
      "instances": [
        {
          "schema_version": 0,
          "attributes": {
            "content": "9c5clocfOB",
            "content_base64": null,
            "content_base64sha256": "UO7v1xtElVyoncNoyi544HD3JTPCTy3T+rgFHA1sCf0=",
            "content_base64sha512": "NDeza9bks9Sx+ctnOWE1IGWM49TNUAMf5XGg7Cpxy9UxiyhnqLDaJqjsSUhN0ZEi/uFeqsT9C/dLZo7Xca0mvA==",
            "content_md5": "2f32b381a88302263dd037a8fcf85f0e",
            "content_sha1": "cf0ae6bfc60f8d80ea177209b9f77997dc50f053",
            "content_sha256": "50eeefd71b44955ca89dc368ca2e78e070f72533c24f2dd3fab8051c0d6c09fd",
            "content_sha512": "3437b36bd6e4b3d4b1f9cb6739613520658ce3d4cd50031fe571a0ec2a71cbd5318b2867a8b0da26a8ec49484dd19122fee15eaac4fd0bf74b668ed771ad26bc",
            "directory_permission": "0777",
            "file_permission": "0777",
            "filename": "random.txt",
            "id": "cf0ae6bfc60f8d80ea177209b9f77997dc50f053",
            "sensitive_content": null,
            "source": null
          },
          "sensitive_attributes": [
            [
              {
                "type": "get_attr",
                "value": "sensitive_content"
              }
            ]
          ],
          "identity_schema_version": 0,
          "dependencies": [
            "random_string.rand"
          ]
        }
      ]
    },
    {
      "mode": "managed",
      "type": "local_file",
      "name": "testfile_rand",
      "provider": "provider[\"registry.terraform.io/hashicorp/local\"]",
      "instances": [
        {
          "schema_version": 0,
          "attributes": {
            "content": "Terraform Random Provider Demo",
            "content_base64": null,
            "content_base64sha256": "FDMJ/4ywkuOlK0j5Xrd07kV/zA4HREuSdsFGFy2kVv0=",
            "content_base64sha512": "vl6RvMSqKd/4R5/5d31mbYZ38G9f30uTJtptBWoIdn7mbP/zNOlImp4FOdY1ZF4YL08AHM0bM72HvgmK9fGP2A==",
            "content_md5": "400da621273afab4392ab9205dfad924",
            "content_sha1": "0ec53f04d07d3beaba7960601464924b9c6319a6",
            "content_sha256": "143309ff8cb092e3a52b48f95eb774ee457fcc0e07444b9276c146172da456fd",
            "content_sha512": "be5e91bcc4aa29dff8479ff9777d666d8677f06f5fdf4b9326da6d056a08767ee66cfff334e9489a9e0539d635645e182f4f001ccd1b33bd87be098af5f18fd8",
            "directory_permission": "0777",
            "file_permission": "0777",
            "filename": "9c5clocfOB.txt",
            "id": "0ec53f04d07d3beaba7960601464924b9c6319a6",
            "sensitive_content": null,
            "source": null
          },
          "sensitive_attributes": [
            [
              {
                "type": "get_attr",
                "value": "sensitive_content"
              }
            ]
          ],
          "identity_schema_version": 0,
          "dependencies": [
            "random_string.rand"
          ]
        }
      ]
    },
    {
      "mode": "managed",
      "type": "local_file",
      "name": "testfilel1",
      "provider": "provider[\"registry.terraform.io/hashicorp/local\"]",
      "instances": [
        {
          "schema_version": 0,
          "attributes": {
            "content": "this for QA",
            "content_base64": null,
            "content_base64sha256": "6GT6z9lFRIUY7oE7BMlunKNE7d+zEvqgolzPTKZUIz4=",
            "content_base64sha512": "t8sm+BeLfqviiQAWmsRt2SKwJSYY07xUG5+FKEbm+yFGDF/5MA7Ra2hcwttSGRQpDrsQQzCJN4O9Iie05JbRkg==",
            "content_md5": "09309366e404de03da873448f186cfa8",
            "content_sha1": "7e518d8058360de1a5da4078557798ea780f38c4",
            "content_sha256": "e864facfd945448518ee813b04c96e9ca344eddfb312faa0a25ccf4ca654233e",
            "content_sha512": "b7cb26f8178b7eabe28900169ac46dd922b0252618d3bc541b9f852846e6fb21460c5ff9300ed16b685cc2db521914290ebb104330893783bd2227b4e496d192",
            "directory_permission": "0777",
            "file_permission": "0777",
            "filename": "b",
            "id": "7e518d8058360de1a5da4078557798ea780f38c4",
            "sensitive_content": null,
            "source": null
          },
          "sensitive_attributes": [
            [
              {
                "type": "get_attr",
                "value": "sensitive_content"
              }
            ]
          ],
          "identity_schema_version": 0
        }
      ]
    },
    {
      "mode": "managed",
      "type": "local_file",
      "name": "testfilel2",
      "provider": "provider[\"registry.terraform.io/hashicorp/local\"]",
      "instances": [
        {
          "schema_version": 0,
          "attributes": {
            "content": "this for QA",
            "content_base64": null,
            "content_base64sha256": "6GT6z9lFRIUY7oE7BMlunKNE7d+zEvqgolzPTKZUIz4=",
            "content_base64sha512": "t8sm+BeLfqviiQAWmsRt2SKwJSYY07xUG5+FKEbm+yFGDF/5MA7Ra2hcwttSGRQpDrsQQzCJN4O9Iie05JbRkg==",
            "content_md5": "09309366e404de03da873448f186cfa8",
            "content_sha1": "7e518d8058360de1a5da4078557798ea780f38c4",
            "content_sha256": "e864facfd945448518ee813b04c96e9ca344eddfb312faa0a25ccf4ca654233e",
            "content_sha512": "b7cb26f8178b7eabe28900169ac46dd922b0252618d3bc541b9f852846e6fb21460c5ff9300ed16b685cc2db521914290ebb104330893783bd2227b4e496d192",
            "directory_permission": "0777",
            "file_permission": "0777",
            "filename": "2",
            "id": "7e518d8058360de1a5da4078557798ea780f38c4",
            "sensitive_content": null,
            "source": null
          },
          "sensitive_attributes": [
            [
              {
                "type": "get_attr",
                "value": "sensitive_content"
              }
            ]
          ],
          "identity_schema_version": 0
        }
      ]
    },
    {
      "mode": "managed",
      "type": "local_file",
      "name": "testfilel3",
      "provider": "provider[\"registry.terraform.io/hashicorp/local\"]",
      "instances": [
        {
          "schema_version": 0,
          "attributes": {
            "content": "this for QA",
            "content_base64": null,
            "content_base64sha256": "6GT6z9lFRIUY7oE7BMlunKNE7d+zEvqgolzPTKZUIz4=",
            "content_base64sha512": "t8sm+BeLfqviiQAWmsRt2SKwJSYY07xUG5+FKEbm+yFGDF/5MA7Ra2hcwttSGRQpDrsQQzCJN4O9Iie05JbRkg==",
            "content_md5": "09309366e404de03da873448f186cfa8",
            "content_sha1": "7e518d8058360de1a5da4078557798ea780f38c4",
            "content_sha256": "e864facfd945448518ee813b04c96e9ca344eddfb312faa0a25ccf4ca654233e",
            "content_sha512": "b7cb26f8178b7eabe28900169ac46dd922b0252618d3bc541b9f852846e6fb21460c5ff9300ed16b685cc2db521914290ebb104330893783bd2227b4e496d192",
            "directory_permission": "0777",
            "file_permission": "0777",
            "filename": "3",
            "id": "7e518d8058360de1a5da4078557798ea780f38c4",
            "sensitive_content": null,
            "source": null
          },
          "sensitive_attributes": [
            [
              {
                "type": "get_attr",
                "value": "sensitive_content"
              }
            ]
          ],
          "identity_schema_version": 0
        }
      ]
    },
    {
      "mode": "managed",
      "type": "local_file",
      "name": "testfilem1",
      "provider": "provider[\"registry.terraform.io/hashicorp/local\"]",
      "instances": [
        {
          "schema_version": 0,
          "attributes": {
            "content": "this for QA",
            "content_base64": null,
            "content_base64sha256": "6GT6z9lFRIUY7oE7BMlunKNE7d+zEvqgolzPTKZUIz4=",
            "content_base64sha512": "t8sm+BeLfqviiQAWmsRt2SKwJSYY07xUG5+FKEbm+yFGDF/5MA7Ra2hcwttSGRQpDrsQQzCJN4O9Iie05JbRkg==",
            "content_md5": "09309366e404de03da873448f186cfa8",
            "content_sha1": "7e518d8058360de1a5da4078557798ea780f38c4",
            "content_sha256": "e864facfd945448518ee813b04c96e9ca344eddfb312faa0a25ccf4ca654233e",
            "content_sha512": "b7cb26f8178b7eabe28900169ac46dd922b0252618d3bc541b9f852846e6fb21460c5ff9300ed16b685cc2db521914290ebb104330893783bd2227b4e496d192",
            "directory_permission": "0777",
            "file_permission": "0777",
            "filename": "ab",
            "id": "7e518d8058360de1a5da4078557798ea780f38c4",
            "sensitive_content": null,
            "source": null
          },
          "sensitive_attributes": [
            [
              {
                "type": "get_attr",
                "value": "sensitive_content"
              }
            ]
          ],
          "identity_schema_version": 0
        }
      ]
    },
    {
      "mode": "managed",
      "type": "local_file",
      "name": "testfilem2",
      "provider": "provider[\"registry.terraform.io/hashicorp/local\"]",
      "instances": [
        {
          "schema_version": 0,
          "attributes": {
            "content": "this for QA",
            "content_base64": null,
            "content_base64sha256": "6GT6z9lFRIUY7oE7BMlunKNE7d+zEvqgolzPTKZUIz4=",
            "content_base64sha512": "t8sm+BeLfqviiQAWmsRt2SKwJSYY07xUG5+FKEbm+yFGDF/5MA7Ra2hcwttSGRQpDrsQQzCJN4O9Iie05JbRkg==",
            "content_md5": "09309366e404de03da873448f186cfa8",
            "content_sha1": "7e518d8058360de1a5da4078557798ea780f38c4",
            "content_sha256": "e864facfd945448518ee813b04c96e9ca344eddfb312faa0a25ccf4ca654233e",
            "content_sha512": "b7cb26f8178b7eabe28900169ac46dd922b0252618d3bc541b9f852846e6fb21460c5ff9300ed16b685cc2db521914290ebb104330893783bd2227b4e496d192",
            "directory_permission": "0777",
            "file_permission": "0777",
            "filename": "karthik",
            "id": "7e518d8058360de1a5da4078557798ea780f38c4",
            "sensitive_content": null,
            "source": null
          },
          "sensitive_attributes": [
            [
              {
                "type": "get_attr",
                "value": "sensitive_content"
              }
            ]
          ],
          "identity_schema_version": 0
        }
      ]
    },
    {
      "mode": "managed",
      "type": "random_string",
      "name": "rand",
      "provider": "provider[\"registry.terraform.io/hashicorp/random\"]",
      "instances": [
        {
          "schema_version": 2,
          "attributes": {
            "id": "9c5clocfOB",
            "keepers": null,
            "length": 10,
            "lower": true,
            "min_lower": 0,
            "min_numeric": 0,
            "min_special": 0,
            "min_upper": 0,
            "number": true,
            "numeric": true,
            "override_special": null,
            "result": "9c5clocfOB",
            "special": false,
            "upper": true
          },
          "sensitive_attributes": [],
          "identity_schema_version": 0
        }
      ]
    },
    {
      "mode": "managed",
      "type": "random_string",
      "name": "random",
      "provider": "provider[\"registry.terraform.io/hashicorp/random\"]",
      "instances": [
        {
          "schema_version": 2,
          "attributes": {
            "id": "DU7D7WlXr$Jqz1c2",
            "keepers": null,
            "length": 16,
            "lower": true,
            "min_lower": 0,
            "min_numeric": 3,
            "min_special": 0,
            "min_upper": 2,
            "number": true,
            "numeric": true,
            "override_special": "/@£$",
            "result": "DU7D7WlXr$Jqz1c2",
            "special": true,
            "upper": true
          },
          "sensitive_attributes": [],
          "identity_schema_version": 0
        }
      ]
    }
  ],
  "check_results": null
}
